<?xml version="1.0" encoding="UTF-8" standalone="yes" ?>
<CodeBlocks_project_file>
	<FileVersion major="1" minor="6" />
	<Project>
		<Option title="keepconf" />
		<Option pch_mode="2" />
		<Option compiler="gcc" />
		<Build>
			<Target title="01-counter">
				<Option output="counter" prefix_auto="1" extension_auto="1" />
				<Option working_dir=".." />
				<Option object_output="obj/Debug/" />
				<Option type="1" />
				<Option compiler="gcc" />
				<Compiler>
					<Add option="-g" />
					<Add option="-O0" />
					<Add directory="L:/altomaltes/xmlconf/" />
				</Compiler>
			</Target>
			<Target title="02-bunch">
				<Option output="bunch" prefix_auto="1" extension_auto="1" />
				<Option working_dir=".." />
				<Option object_output="obj/Debug/" />
				<Option type="1" />
				<Option compiler="gcc" />
				<Compiler>
					<Add option="-g" />
					<Add option="-O0" />
					<Add directory="L:/altomaltes/xmlconf/" />
				</Compiler>
			</Target>
			<Target title="03-object">
				<Option output="object" prefix_auto="1" extension_auto="1" />
				<Option working_dir=".." />
				<Option object_output="obj/Debug/" />
				<Option type="1" />
				<Option compiler="gcc" />
				<Compiler>
					<Add option="-g" />
					<Add option="-O0" />
					<Add directory="L:/altomaltes/xmlconf/" />
				</Compiler>
			</Target>
			<Target title="04-new">
				<Option output="new" prefix_auto="1" extension_auto="1" />
				<Option working_dir=".." />
				<Option object_output="obj/Debug/" />
				<Option type="1" />
				<Option compiler="gcc" />
				<Compiler>
					<Add option="-g" />
					<Add option="-O0" />
					<Add directory="L:/altomaltes/xmlconf/" />
				</Compiler>
			</Target>
			<Target title="05-list">
				<Option output="list" prefix_auto="1" extension_auto="1" />
				<Option working_dir=".." />
				<Option object_output="obj/Debug/" />
				<Option type="1" />
				<Option compiler="gcc" />
				<Compiler>
					<Add option="-g" />
					<Add option="-O0" />
					<Add directory="L:/altomaltes/xmlconf/" />
				</Compiler>
			</Target>
			<Target title="06-polymorphic">
				<Option output="polymorphic" prefix_auto="1" extension_auto="1" />
				<Option working_dir=".." />
				<Option object_output="obj/Debug/" />
				<Option type="1" />
				<Option compiler="gcc" />
				<Compiler>
					<Add option="-g" />
					<Add option="-O0" />
					<Add directory="L:/altomaltes/xmlconf/" />
				</Compiler>
			</Target>
			<Target title="07-array">
				<Option output="array" prefix_auto="1" extension_auto="1" />
				<Option working_dir=".." />
				<Option object_output="obj/Debug/" />
				<Option type="1" />
				<Option compiler="gcc" />
				<Compiler>
					<Add option="-g" />
					<Add option="-O0" />
					<Add directory="L:/altomaltes/xmlconf/" />
				</Compiler>
			</Target>
		</Build>
		<Compiler>
			<Add option="-Wall" />
			<Add option="-g" />
			<Add option="-fexceptions" />
		</Compiler>
		<Unit filename="../01-counter.cc">
			<Option target="01-counter" />
		</Unit>
		<Unit filename="../02-bunch.cc">
			<Option target="02-bunch" />
		</Unit>
		<Unit filename="../03-object.cc">
			<Option target="03-object" />
		</Unit>
		<Unit filename="../04-new.cc">
			<Option target="04-new" />
		</Unit>
		<Unit filename="../05-list.cc">
			<Option target="05-list" />
		</Unit>
		<Unit filename="../06-polymorphic.cc">
			<Option target="06-polymorphic" />
		</Unit>
		<Unit filename="../07-array.cc">
			<Option target="07-array" />
		</Unit>
		<Unit filename="../articulo.rtf" />
		<Unit filename="../intern.c">
			<Option compilerVar="CC" />
		</Unit>
		<Unit filename="../json.c">
			<Option compilerVar="CC" />
		</Unit>
		<Unit filename="../keepconf.cc" />
		<Unit filename="../keepconf.h">
			<Option target="07-array" />
		</Unit>
		<Unit filename="../parse.h">
			<Option target="07-array" />
		</Unit>
		<Unit filename="../xml.c">
			<Option compilerVar="CC" />
		</Unit>
		<Extensions>
			<code_completion />
			<envvars />
			<debugger />
			<lib_finder disable_auto="1" />
		</Extensions>
	</Project>
</CodeBlocks_project_file>
